
Microsoft Visual Studio Solution File, Format Version 12.00
# Visual Studio Version 17
VisualStudioVersion = 17.10.35122.118
MinimumVisualStudioVersion = 10.0.40219.1
Project("{FAE04EC0-301F-11D3-BF4B-00C04F79EFBC}") = "ClarificationDetailsProject", "ClarificationDetailsProject\ClarificationDetailsProject.csproj", "{55FEA103-3495-4CCF-AEC9-EDF071687D71}"
EndProject
Project("{FAE04EC0-301F-11D3-BF4B-00C04F79EFBC}") = "PPTMerger", "PPTMerger\PPTMerger.csproj", "{C95095C6-744D-48E5-81E1-08C59EA0D4E1}"
EndProject
Global
	GlobalSection(SolutionConfigurationPlatforms) = preSolution
		Debug|Any CPU = Debug|Any CPU
		Release|Any CPU = Release|Any CPU
	EndGlobalSection
	GlobalSection(ProjectConfigurationPlatforms) = postSolution
		{55FEA103-3495-4CCF-AEC9-EDF071687D71}.Debug|Any CPU.ActiveCfg = Debug|Any CPU
		{55FEA103-3495-4CCF-AEC9-EDF071687D71}.Debug|Any CPU.Build.0 = Debug|Any CPU
		{55FEA103-3495-4CCF-AEC9-EDF071687D71}.Release|Any CPU.ActiveCfg = Release|Any CPU
		{55FEA103-3495-4CCF-AEC9-EDF071687D71}.Release|Any CPU.Build.0 = Release|Any CPU
		{C95095C6-744D-48E5-81E1-08C59EA0D4E1}.Debug|Any CPU.ActiveCfg = Debug|Any CPU
		{C95095C6-744D-48E5-81E1-08C59EA0D4E1}.Debug|Any CPU.Build.0 = Debug|Any CPU
		{C95095C6-744D-48E5-81E1-08C59EA0D4E1}.Release|Any CPU.ActiveCfg = Release|Any CPU
		{C95095C6-744D-48E5-81E1-08C59EA0D4E1}.Release|Any CPU.Build.0 = Release|Any CPU
	EndGlobalSection
	GlobalSection(SolutionProperties) = preSolution
		HideSolutionNode = FALSE
	EndGlobalSection
	GlobalSection(ExtensibilityGlobals) = postSolution
		SolutionGuid = {51509902-69E2-4657-8B53-65F0D5F5C72D}
	EndGlobalSection
EndGlobal
